
Microsoft Visual Studio Solution File, Format Version 11.00
# Visual Studio 2010
Project("{FAE04EC0-301F-11D3-BF4B-00C04F79EFBC}") = "GraphsLoops", "GraphsLoops\GraphsLoops.csproj", "{F473D3C1-15AB-45CE-B101-0D0CDCE68BEF}"
EndProject
Global
	GlobalSection(SolutionConfigurationPlatforms) = preSolution
		Debug|x86 = Debug|x86
		Release|x86 = Release|x86
	EndGlobalSection
	GlobalSection(ProjectConfigurationPlatforms) = postSolution
		{F473D3C1-15AB-45CE-B101-0D0CDCE68BEF}.Debug|x86.ActiveCfg = Debug|x86
		{F473D3C1-15AB-45CE-B101-0D0CDCE68BEF}.Debug|x86.Build.0 = Debug|x86
		{F473D3C1-15AB-45CE-B101-0D0CDCE68BEF}.Release|x86.ActiveCfg = Release|x86
		{F473D3C1-15AB-45CE-B101-0D0CDCE68BEF}.Release|x86.Build.0 = Release|x86
	EndGlobalSection
	GlobalSection(SolutionProperties) = preSolution
		HideSolutionNode = FALSE
	EndGlobalSection
EndGlobal
